
Microsoft Visual Studio Solution File, Format Version 12.00
# Visual Studio Version 17
VisualStudioVersion = 17.12.35707.178 d17.12
MinimumVisualStudioVersion = 10.0.40219.1
Project("{FAE04EC0-301F-11D3-BF4B-00C04F79EFBC}") = "Modul4_103022330067", "Modul4_103022330067.csproj", "{F21ABB54-4BA2-411C-BF7C-DB795F456ABC}"
EndProject
Global
	GlobalSection(SolutionConfigurationPlatforms) = preSolution
		Debug|Any CPU = Debug|Any CPU
		Release|Any CPU = Release|Any CPU
	EndGlobalSection
	GlobalSection(ProjectConfigurationPlatforms) = postSolution
		{F21ABB54-4BA2-411C-BF7C-DB795F456ABC}.Debug|Any CPU.ActiveCfg = Debug|Any CPU
		{F21ABB54-4BA2-411C-BF7C-DB795F456ABC}.Debug|Any CPU.Build.0 = Debug|Any CPU
		{F21ABB54-4BA2-411C-BF7C-DB795F456ABC}.Release|Any CPU.ActiveCfg = Release|Any CPU
		{F21ABB54-4BA2-411C-BF7C-DB795F456ABC}.Release|Any CPU.Build.0 = Release|Any CPU
	EndGlobalSection
	GlobalSection(SolutionProperties) = preSolution
		HideSolutionNode = FALSE
	EndGlobalSection
EndGlobal
